
Microsoft Visual Studio Solution File, Format Version 12.00
# Visual Studio Version 17
VisualStudioVersion = 17.5.002.0
MinimumVisualStudioVersion = 10.0.40219.1
Project("{9A19103F-16F7-4668-BE54-9A1E7A4F7556}") = "Gamestore", "Gamestore.csproj", "{713E124A-E0F7-46A1-97A2-32436B563509}"
EndProject
Global
	GlobalSection(SolutionConfigurationPlatforms) = preSolution
		Debug|Any CPU = Debug|Any CPU
		Release|Any CPU = Release|Any CPU
	EndGlobalSection
	GlobalSection(ProjectConfigurationPlatforms) = postSolution
		{713E124A-E0F7-46A1-97A2-32436B563509}.Debug|Any CPU.ActiveCfg = Debug|Any CPU
		{713E124A-E0F7-46A1-97A2-32436B563509}.Debug|Any CPU.Build.0 = Debug|Any CPU
		{713E124A-E0F7-46A1-97A2-32436B563509}.Release|Any CPU.ActiveCfg = Release|Any CPU
		{713E124A-E0F7-46A1-97A2-32436B563509}.Release|Any CPU.Build.0 = Release|Any CPU
	EndGlobalSection
	GlobalSection(SolutionProperties) = preSolution
		HideSolutionNode = FALSE
	EndGlobalSection
	GlobalSection(ExtensibilityGlobals) = postSolution
		SolutionGuid = {ABDACDC4-CAEE-47C9-82AA-A76258950C46}
	EndGlobalSection
EndGlobal
